
Microsoft Visual Studio Solution File, Format Version 12.00
# Visual Studio Version 17
VisualStudioVersion = 17.14.36408.4 d17.14
MinimumVisualStudioVersion = 10.0.40219.1
Project("{FAE04EC0-301F-11D3-BF4B-00C04F79EFBC}") = "Front", "Front\Front.csproj", "{3C7BC58A-F101-4D78-9242-CA3E3FD0821F}"
EndProject
Global
	GlobalSection(SolutionConfigurationPlatforms) = preSolution
		Debug|Any CPU = Debug|Any CPU
		Release|Any CPU = Release|Any CPU
	EndGlobalSection
	GlobalSection(ProjectConfigurationPlatforms) = postSolution
		{3C7BC58A-F101-4D78-9242-CA3E3FD0821F}.Debug|Any CPU.ActiveCfg = Debug|Any CPU
		{3C7BC58A-F101-4D78-9242-CA3E3FD0821F}.Debug|Any CPU.Build.0 = Debug|Any CPU
		{3C7BC58A-F101-4D78-9242-CA3E3FD0821F}.Release|Any CPU.ActiveCfg = Release|Any CPU
		{3C7BC58A-F101-4D78-9242-CA3E3FD0821F}.Release|Any CPU.Build.0 = Release|Any CPU
	EndGlobalSection
	GlobalSection(SolutionProperties) = preSolution
		HideSolutionNode = FALSE
	EndGlobalSection
	GlobalSection(ExtensibilityGlobals) = postSolution
		SolutionGuid = {CD293C67-9FE5-475F-BF0C-C3453897371A}
	EndGlobalSection
EndGlobal
